
Microsoft Visual Studio Solution File, Format Version 12.00
# Visual Studio Version 17
VisualStudioVersion = 17.13.35825.156
MinimumVisualStudioVersion = 10.0.40219.1
Project("{FAE04EC0-301F-11D3-BF4B-00C04F79EFBC}") = "RelationshipsOneToOne", "RelationshipsOneToOne.csproj", "{13D82A33-C180-4396-B53D-B05BA1AEBF31}"
EndProject
Project("{FAE04EC0-301F-11D3-BF4B-00C04F79EFBC}") = "RelationshipsOneToOne.Tests", "..\RelationshipsOneToOne.Tests\RelationshipsOneToOne.Tests.csproj", "{326E1947-8CFF-4DFC-B533-A3B695AD890C}"
EndProject
Global
	GlobalSection(SolutionConfigurationPlatforms) = preSolution
		Debug|Any CPU = Debug|Any CPU
		Release|Any CPU = Release|Any CPU
	EndGlobalSection
	GlobalSection(ProjectConfigurationPlatforms) = postSolution
		{13D82A33-C180-4396-B53D-B05BA1AEBF31}.Debug|Any CPU.ActiveCfg = Debug|Any CPU
		{13D82A33-C180-4396-B53D-B05BA1AEBF31}.Debug|Any CPU.Build.0 = Debug|Any CPU
		{13D82A33-C180-4396-B53D-B05BA1AEBF31}.Release|Any CPU.ActiveCfg = Release|Any CPU
		{13D82A33-C180-4396-B53D-B05BA1AEBF31}.Release|Any CPU.Build.0 = Release|Any CPU
		{326E1947-8CFF-4DFC-B533-A3B695AD890C}.Debug|Any CPU.ActiveCfg = Debug|Any CPU
		{326E1947-8CFF-4DFC-B533-A3B695AD890C}.Debug|Any CPU.Build.0 = Debug|Any CPU
		{326E1947-8CFF-4DFC-B533-A3B695AD890C}.Release|Any CPU.ActiveCfg = Release|Any CPU
		{326E1947-8CFF-4DFC-B533-A3B695AD890C}.Release|Any CPU.Build.0 = Release|Any CPU
	EndGlobalSection
	GlobalSection(SolutionProperties) = preSolution
		HideSolutionNode = FALSE
	EndGlobalSection
	GlobalSection(ExtensibilityGlobals) = postSolution
		SolutionGuid = {33701CCA-D30D-471A-9DB1-81003EEE8FF1}
	EndGlobalSection
EndGlobal
